
Microsoft Visual Studio Solution File, Format Version 12.00
# Visual Studio 15
VisualStudioVersion = 15.0.28307.705
MinimumVisualStudioVersion = 10.0.40219.1
Project("{FAE04EC0-301F-11D3-BF4B-00C04F79EFBC}") = "BettingWebbApp.Domain", "BettingWebbApp.Domain\BettingWebbApp.Domain.csproj", "{F72A199A-767D-4D65-9074-D7D2074AD430}"
EndProject
Project("{FAE04EC0-301F-11D3-BF4B-00C04F79EFBC}") = "BettingWebbApp.WebUI", "BettingWebbApp.WebUI\BettingWebbApp.WebUI.csproj", "{4F5EF84F-C1F8-4658-84D7-64749B2BAB7F}"
EndProject
Global
	GlobalSection(SolutionConfigurationPlatforms) = preSolution
		Debug|Any CPU = Debug|Any CPU
		Release|Any CPU = Release|Any CPU
	EndGlobalSection
	GlobalSection(ProjectConfigurationPlatforms) = postSolution
		{F72A199A-767D-4D65-9074-D7D2074AD430}.Debug|Any CPU.ActiveCfg = Debug|Any CPU
		{F72A199A-767D-4D65-9074-D7D2074AD430}.Debug|Any CPU.Build.0 = Debug|Any CPU
		{F72A199A-767D-4D65-9074-D7D2074AD430}.Release|Any CPU.ActiveCfg = Release|Any CPU
		{F72A199A-767D-4D65-9074-D7D2074AD430}.Release|Any CPU.Build.0 = Release|Any CPU
		{4F5EF84F-C1F8-4658-84D7-64749B2BAB7F}.Debug|Any CPU.ActiveCfg = Debug|Any CPU
		{4F5EF84F-C1F8-4658-84D7-64749B2BAB7F}.Debug|Any CPU.Build.0 = Debug|Any CPU
		{4F5EF84F-C1F8-4658-84D7-64749B2BAB7F}.Release|Any CPU.ActiveCfg = Release|Any CPU
		{4F5EF84F-C1F8-4658-84D7-64749B2BAB7F}.Release|Any CPU.Build.0 = Release|Any CPU
	EndGlobalSection
	GlobalSection(SolutionProperties) = preSolution
		HideSolutionNode = FALSE
	EndGlobalSection
	GlobalSection(ExtensibilityGlobals) = postSolution
		SolutionGuid = {5C420A42-A520-4D08-B9A6-B020525508F5}
	EndGlobalSection
EndGlobal
